// !$*UTF8*$!
{
	archiveVersion = 1;
	classes = {
	};
	objectVersion = 46;
	objects = {

/* Begin PBXBuildFile section */
		042EF0211B1DFB5200D9EFD3 /* SocialView.swift in Sources */ = {isa = PBXBuildFile; fileRef = 042EF0201B1DFB5200D9EFD3 /* SocialView.swift */; };
		042EF0231B1DFB5F00D9EFD3 /* SocialView.xib in Resources */ = {isa = PBXBuildFile; fileRef = 042EF0221B1DFB5F00D9EFD3 /* SocialView.xib */; };
		042EF0251B1E266500D9EFD3 /* Strings.swift in Sources */ = {isa = PBXBuildFile; fileRef = 042EF0241B1E266500D9EFD3 /* Strings.swift */; };
		0480FEAF1B2099B800547685 /* AddressBook.framework in Frameworks */ = {isa = PBXBuildFile; fileRef = 0480FEAE1B2099B800547685 /* AddressBook.framework */; };
		0480FEB11B2099BF00547685 /* AssetsLibrary.framework in Frameworks */ = {isa = PBXBuildFile; fileRef = 0480FEB01B2099BF00547685 /* AssetsLibrary.framework */; };
		0480FEB31B2099C700547685 /* Foundation.framework in Frameworks */ = {isa = PBXBuildFile; fileRef = 0480FEB21B2099C700547685 /* Foundation.framework */; };
		0480FEB51B2099D000547685 /* CoreLocation.framework in Frameworks */ = {isa = PBXBuildFile; fileRef = 0480FEB41B2099D000547685 /* CoreLocation.framework */; };
		0480FEB71B2099D400547685 /* CoreMotion.framework in Frameworks */ = {isa = PBXBuildFile; fileRef = 0480FEB61B2099D400547685 /* CoreMotion.framework */; };
		0480FEB91B2099DC00547685 /* CoreGraphics.framework in Frameworks */ = {isa = PBXBuildFile; fileRef = 0480FEB81B2099DC00547685 /* CoreGraphics.framework */; };
		0480FEBB1B2099E000547685 /* CoreText.framework in Frameworks */ = {isa = PBXBuildFile; fileRef = 0480FEBA1B2099E000547685 /* CoreText.framework */; };
		0480FEBD1B2099ED00547685 /* MediaPlayer.framework in Frameworks */ = {isa = PBXBuildFile; fileRef = 0480FEBC1B2099ED00547685 /* MediaPlayer.framework */; };
		0480FEBF1B2099F300547685 /* Security.framework in Frameworks */ = {isa = PBXBuildFile; fileRef = 0480FEBE1B2099F300547685 /* Security.framework */; };
		0480FEC11B2099FB00547685 /* SystemConfiguration.framework in Frameworks */ = {isa = PBXBuildFile; fileRef = 0480FEC01B2099FB00547685 /* SystemConfiguration.framework */; };
		0480FEC31B2099FF00547685 /* UIKit.framework in Frameworks */ = {isa = PBXBuildFile; fileRef = 0480FEC21B2099FF00547685 /* UIKit.framework */; };
		048376D31B6035EE002E2E27 /* SinglePrayerView.swift in Sources */ = {isa = PBXBuildFile; fileRef = 048376D21B6035EE002E2E27 /* SinglePrayerView.swift */; };
		048376D51B6035FA002E2E27 /* SinglePrayerView.xib in Resources */ = {isa = PBXBuildFile; fileRef = 048376D41B6035FA002E2E27 /* SinglePrayerView.xib */; };
		048D4EE91B5D644800BAC817 /* FBSDKCoreKit.framework in Frameworks */ = {isa = PBXBuildFile; fileRef = 048D4EE81B5D644800BAC817 /* FBSDKCoreKit.framework */; };
		048D4EEB1B5D6B8E00BAC817 /* FBSDKShareKit.framework in Frameworks */ = {isa = PBXBuildFile; fileRef = 048D4EEA1B5D6B8E00BAC817 /* FBSDKShareKit.framework */; };
		04FC30C61B444C3300609A5B /* Pinterest.framework in Frameworks */ = {isa = PBXBuildFile; fileRef = 04FC30C51B444C3300609A5B /* Pinterest.framework */; };
		04FC30C81B444C5000609A5B /* GoogleOpenSource.framework in Frameworks */ = {isa = PBXBuildFile; fileRef = 04FC30C71B444C5000609A5B /* GoogleOpenSource.framework */; };
		04FC30CA1B444C6400609A5B /* GooglePlus.bundle in Resources */ = {isa = PBXBuildFile; fileRef = 04FC30C91B444C6400609A5B /* GooglePlus.bundle */; };
		04FC30CC1B444C7400609A5B /* GooglePlus.framework in Frameworks */ = {isa = PBXBuildFile; fileRef = 04FC30CB1B444C7400609A5B /* GooglePlus.framework */; };
		1F006B9F1AC047A1006CA3AA /* AppDelegate.swift in Sources */ = {isa = PBXBuildFile; fileRef = 1F006B9E1AC047A1006CA3AA /* AppDelegate.swift */; };
		1F006BA21AC047A1006CA3AA /* PrayerOfTheDay.xcdatamodeld in Sources */ = {isa = PBXBuildFile; fileRef = 1F006BA01AC047A1006CA3AA /* PrayerOfTheDay.xcdatamodeld */; };
		1F006BA71AC047A1006CA3AA /* Main.storyboard in Resources */ = {isa = PBXBuildFile; fileRef = 1F006BA51AC047A1006CA3AA /* Main.storyboard */; };
		1F006BA91AC047A1006CA3AA /* Images.xcassets in Resources */ = {isa = PBXBuildFile; fileRef = 1F006BA81AC047A1006CA3AA /* Images.xcassets */; };
		1F006BAC1AC047A1006CA3AA /* LaunchScreen.xib in Resources */ = {isa = PBXBuildFile; fileRef = 1F006BAA1AC047A1006CA3AA /* LaunchScreen.xib */; };
		1F006BB81AC047A1006CA3AA /* PrayerOfTheDayTests.swift in Sources */ = {isa = PBXBuildFile; fileRef = 1F006BB71AC047A1006CA3AA /* PrayerOfTheDayTests.swift */; };
		1F14DC7B1B0B636F004B38B4 /* Social.framework in Frameworks */ = {isa = PBXBuildFile; fileRef = 1F14DC7A1B0B636F004B38B4 /* Social.framework */; };
		1F1CEDDE1AD7328F00EF0299 /* Images-2.xcassets in Resources */ = {isa = PBXBuildFile; fileRef = 1F1CEDDD1AD7328F00EF0299 /* Images-2.xcassets */; };
		1F94355D1B063E1500000527 /* PrayerContainerViewController.swift in Sources */ = {isa = PBXBuildFile; fileRef = 1F94355C1B063E1500000527 /* PrayerContainerViewController.swift */; };
		1F9ED42A1AC4351E00DC2CE7 /* Raleway-Bold.ttf in Resources */ = {isa = PBXBuildFile; fileRef = 1F9ED4211AC4351E00DC2CE7 /* Raleway-Bold.ttf */; };
		1F9ED42B1AC4351E00DC2CE7 /* Raleway-ExtraBold.ttf in Resources */ = {isa = PBXBuildFile; fileRef = 1F9ED4221AC4351E00DC2CE7 /* Raleway-ExtraBold.ttf */; };
		1F9ED42C1AC4351E00DC2CE7 /* Raleway-ExtraLight.ttf in Resources */ = {isa = PBXBuildFile; fileRef = 1F9ED4231AC4351E00DC2CE7 /* Raleway-ExtraLight.ttf */; };
		1F9ED42D1AC4351E00DC2CE7 /* Raleway-Heavy.ttf in Resources */ = {isa = PBXBuildFile; fileRef = 1F9ED4241AC4351E00DC2CE7 /* Raleway-Heavy.ttf */; };
		1F9ED42E1AC4351E00DC2CE7 /* Raleway-Light.ttf in Resources */ = {isa = PBXBuildFile; fileRef = 1F9ED4251AC4351E00DC2CE7 /* Raleway-Light.ttf */; };
		1F9ED42F1AC4351E00DC2CE7 /* Raleway-Medium.ttf in Resources */ = {isa = PBXBuildFile; fileRef = 1F9ED4261AC4351E00DC2CE7 /* Raleway-Medium.ttf */; };
		1F9ED4301AC4351E00DC2CE7 /* Raleway-Regular.ttf in Resources */ = {isa = PBXBuildFile; fileRef = 1F9ED4271AC4351E00DC2CE7 /* Raleway-Regular.ttf */; };
		1F9ED4311AC4351E00DC2CE7 /* Raleway-SemiBold.ttf in Resources */ = {isa = PBXBuildFile; fileRef = 1F9ED4281AC4351E00DC2CE7 /* Raleway-SemiBold.ttf */; };
		1F9ED4321AC4351E00DC2CE7 /* Raleway-Thin.ttf in Resources */ = {isa = PBXBuildFile; fileRef = 1F9ED4291AC4351E00DC2CE7 /* Raleway-Thin.ttf */; };
		1F9ED4371AC43D7000DC2CE7 /* prayer-hands.png in Resources */ = {isa = PBXBuildFile; fileRef = 1F9ED4361AC43D7000DC2CE7 /* prayer-hands.png */; };
		1F9ED43A1AC43F7A00DC2CE7 /* WebService.swift in Sources */ = {isa = PBXBuildFile; fileRef = 1F9ED4391AC43F7A00DC2CE7 /* WebService.swift */; };
		1F9ED43D1AC4411500DC2CE7 /* UIColorExtensions.swift in Sources */ = {isa = PBXBuildFile; fileRef = 1F9ED43C1AC4411500DC2CE7 /* UIColorExtensions.swift */; };
		1F9ED43F1AC4414F00DC2CE7 /* OperationBlessingColors.swift in Sources */ = {isa = PBXBuildFile; fileRef = 1F9ED43E1AC4414F00DC2CE7 /* OperationBlessingColors.swift */; };
		1F9ED4411AC476EA00DC2CE7 /* OperationBlessingBaseViewController.swift in Sources */ = {isa = PBXBuildFile; fileRef = 1F9ED4401AC476EA00DC2CE7 /* OperationBlessingBaseViewController.swift */; };
		1F9ED4451AC483DB00DC2CE7 /* SelectPrayerViewController.swift in Sources */ = {isa = PBXBuildFile; fileRef = 1F9ED4441AC483DB00DC2CE7 /* SelectPrayerViewController.swift */; };
		1FA242261ACAE1D100C05D37 /* facebook.png in Resources */ = {isa = PBXBuildFile; fileRef = 1FA242201ACAE1D100C05D37 /* facebook.png */; };
		1FA242271ACAE1D100C05D37 /* google.png in Resources */ = {isa = PBXBuildFile; fileRef = 1FA242211ACAE1D100C05D37 /* google.png */; };
		1FA242281ACAE1D100C05D37 /* pinetrest.png in Resources */ = {isa = PBXBuildFile; fileRef = 1FA242221ACAE1D100C05D37 /* pinetrest.png */; };
		1FA242291ACAE1D100C05D37 /* tumblr.png in Resources */ = {isa = PBXBuildFile; fileRef = 1FA242231ACAE1D100C05D37 /* tumblr.png */; };
		1FA2422A1ACAE1D100C05D37 /* twitter.png in Resources */ = {isa = PBXBuildFile; fileRef = 1FA242241ACAE1D100C05D37 /* twitter.png */; };
		1FA2422B1ACAE1D100C05D37 /* youtube.png in Resources */ = {isa = PBXBuildFile; fileRef = 1FA242251ACAE1D100C05D37 /* youtube.png */; };
		1FB5DD4B1ACDA73D001250DA /* settings.plist in Resources */ = {isa = PBXBuildFile; fileRef = 1FB5DD4A1ACDA73D001250DA /* settings.plist */; };
		1FB5DD4F1ACDB299001250DA /* LoadingView.swift in Sources */ = {isa = PBXBuildFile; fileRef = 1FB5DD4D1ACDB299001250DA /* LoadingView.swift */; };
		1FB5DD501ACDB299001250DA /* LoadingView.xib in Resources */ = {isa = PBXBuildFile; fileRef = 1FB5DD4E1ACDB299001250DA /* LoadingView.xib */; };
		1FB5DD541ACDE8D3001250DA /* PhotoPrayer.swift in Sources */ = {isa = PBXBuildFile; fileRef = 1FB5DD531ACDE8D3001250DA /* PhotoPrayer.swift */; };
		1FB5DD561ACDE8FC001250DA /* Utilities.swift in Sources */ = {isa = PBXBuildFile; fileRef = 1FB5DD551ACDE8FC001250DA /* Utilities.swift */; };
/* End PBXBuildFile section */

/* Begin PBXContainerItemProxy section */
		1F006BB21AC047A1006CA3AA /* PBXContainerItemProxy */ = {
			isa = PBXContainerItemProxy;
			containerPortal = 1F006B911AC047A1006CA3AA /* Project object */;
			proxyType = 1;
			remoteGlobalIDString = 1F006B981AC047A1006CA3AA;
			remoteInfo = PrayerOfTheDay;
		};
/* End PBXContainerItemProxy section */

/* Begin PBXFileReference section */
		042EF0201B1DFB5200D9EFD3 /* SocialView.swift */ = {isa = PBXFileReference; fileEncoding = 4; lastKnownFileType = sourcecode.swift; path = SocialView.swift; sourceTree = "<group>"; };
		042EF0221B1DFB5F00D9EFD3 /* SocialView.xib */ = {isa = PBXFileReference; fileEncoding = 4; lastKnownFileType = file.xib; path = SocialView.xib; sourceTree = "<group>"; };
		042EF0241B1E266500D9EFD3 /* Strings.swift */ = {isa = PBXFileReference; fileEncoding = 4; lastKnownFileType = sourcecode.swift; path = Strings.swift; sourceTree = "<group>"; };
		04461D381B1F4AD200E0197C /* PrayerOfTheDay-Bridging-Header.h */ = {isa = PBXFileReference; lastKnownFileType = sourcecode.c.h; path = "PrayerOfTheDay-Bridging-Header.h"; sourceTree = "<group>"; };
		0480FEAE1B2099B800547685 /* AddressBook.framework */ = {isa = PBXFileReference; lastKnownFileType = wrapper.framework; name = AddressBook.framework; path = System/Library/Frameworks/AddressBook.framework; sourceTree = SDKROOT; };
		0480FEB01B2099BF00547685 /* AssetsLibrary.framework */ = {isa = PBXFileReference; lastKnownFileType = wrapper.framework; name = AssetsLibrary.framework; path = System/Library/Frameworks/AssetsLibrary.framework; sourceTree = SDKROOT; };
		0480FEB21B2099C700547685 /* Foundation.framework */ = {isa = PBXFileReference; lastKnownFileType = wrapper.framework; name = Foundation.framework; path = System/Library/Frameworks/Foundation.framework; sourceTree = SDKROOT; };
		0480FEB41B2099D000547685 /* CoreLocation.framework */ = {isa = PBXFileReference; lastKnownFileType = wrapper.framework; name = CoreLocation.framework; path = System/Library/Frameworks/CoreLocation.framework; sourceTree = SDKROOT; };
		0480FEB61B2099D400547685 /* CoreMotion.framework */ = {isa = PBXFileReference; lastKnownFileType = wrapper.framework; name = CoreMotion.framework; path = System/Library/Frameworks/CoreMotion.framework; sourceTree = SDKROOT; };
		0480FEB81B2099DC00547685 /* CoreGraphics.framework */ = {isa = PBXFileReference; lastKnownFileType = wrapper.framework; name = CoreGraphics.framework; path = System/Library/Frameworks/CoreGraphics.framework; sourceTree = SDKROOT; };
		0480FEBA1B2099E000547685 /* CoreText.framework */ = {isa = PBXFileReference; lastKnownFileType = wrapper.framework; name = CoreText.framework; path = System/Library/Frameworks/CoreText.framework; sourceTree = SDKROOT; };
		0480FEBC1B2099ED00547685 /* MediaPlayer.framework */ = {isa = PBXFileReference; lastKnownFileType = wrapper.framework; name = MediaPlayer.framework; path = System/Library/Frameworks/MediaPlayer.framework; sourceTree = SDKROOT; };
		0480FEBE1B2099F300547685 /* Security.framework */ = {isa = PBXFileReference; lastKnownFileType = wrapper.framework; name = Security.framework; path = System/Library/Frameworks/Security.framework; sourceTree = SDKROOT; };
		0480FEC01B2099FB00547685 /* SystemConfiguration.framework */ = {isa = PBXFileReference; lastKnownFileType = wrapper.framework; name = SystemConfiguration.framework; path = System/Library/Frameworks/SystemConfiguration.framework; sourceTree = SDKROOT; };
		0480FEC21B2099FF00547685 /* UIKit.framework */ = {isa = PBXFileReference; lastKnownFileType = wrapper.framework; name = UIKit.framework; path = System/Library/Frameworks/UIKit.framework; sourceTree = SDKROOT; };
		048376D21B6035EE002E2E27 /* SinglePrayerView.swift */ = {isa = PBXFileReference; fileEncoding = 4; lastKnownFileType = sourcecode.swift; path = SinglePrayerView.swift; sourceTree = "<group>"; };
		048376D41B6035FA002E2E27 /* SinglePrayerView.xib */ = {isa = PBXFileReference; fileEncoding = 4; lastKnownFileType = file.xib; path = SinglePrayerView.xib; sourceTree = "<group>"; };
		048D4EE81B5D644800BAC817 /* FBSDKCoreKit.framework */ = {isa = PBXFileReference; lastKnownFileType = wrapper.framework; name = FBSDKCoreKit.framework; path = ../../FacebookSDK/FBSDKCoreKit.framework; sourceTree = "<group>"; };
		048D4EEA1B5D6B8E00BAC817 /* FBSDKShareKit.framework */ = {isa = PBXFileReference; lastKnownFileType = wrapper.framework; name = FBSDKShareKit.framework; path = ../../FacebookSDK/FBSDKShareKit.framework; sourceTree = "<group>"; };
		04FC30C51B444C3300609A5B /* Pinterest.framework */ = {isa = PBXFileReference; lastKnownFileType = wrapper.framework; path = Pinterest.framework; sourceTree = "<group>"; };
		04FC30C71B444C5000609A5B /* GoogleOpenSource.framework */ = {isa = PBXFileReference; lastKnownFileType = wrapper.framework; path = GoogleOpenSource.framework; sourceTree = "<group>"; };
		04FC30C91B444C6400609A5B /* GooglePlus.bundle */ = {isa = PBXFileReference; lastKnownFileType = "wrapper.plug-in"; path = GooglePlus.bundle; sourceTree = "<group>"; };
		04FC30CB1B444C7400609A5B /* GooglePlus.framework */ = {isa = PBXFileReference; lastKnownFileType = wrapper.framework; path = GooglePlus.framework; sourceTree = "<group>"; };
		1F006B991AC047A1006CA3AA /* PrayerOfTheDay.app */ = {isa = PBXFileReference; explicitFileType = wrapper.application; includeInIndex = 0; path = PrayerOfTheDay.app; sourceTree = BUILT_PRODUCTS_DIR; };
		1F006B9D1AC047A1006CA3AA /* Info.plist */ = {isa = PBXFileReference; lastKnownFileType = text.plist.xml; path = Info.plist; sourceTree = "<group>"; };
		1F006B9E1AC047A1006CA3AA /* AppDelegate.swift */ = {isa = PBXFileReference; lastKnownFileType = sourcecode.swift; path = AppDelegate.swift; sourceTree = "<group>"; };
		1F006BA11AC047A1006CA3AA /* PrayerOfTheDay.xcdatamodel */ = {isa = PBXFileReference; lastKnownFileType = wrapper.xcdatamodel; path = PrayerOfTheDay.xcdatamodel; sourceTree = "<group>"; };
		1F006BA61AC047A1006CA3AA /* Base */ = {isa = PBXFileReference; lastKnownFileType = file.storyboard; name = Base; path = Base.lproj/Main.storyboard; sourceTree = "<group>"; };
		1F006BA81AC047A1006CA3AA /* Images.xcassets */ = {isa = PBXFileReference; lastKnownFileType = folder.assetcatalog; path = Images.xcassets; sourceTree = "<group>"; };
		1F006BAB1AC047A1006CA3AA /* Base */ = {isa = PBXFileReference; lastKnownFileType = file.xib; name = Base; path = Base.lproj/LaunchScreen.xib; sourceTree = "<group>"; };
		1F006BB11AC047A1006CA3AA /* PrayerOfTheDayTests.xctest */ = {isa = PBXFileReference; explicitFileType = wrapper.cfbundle; includeInIndex = 0; path = PrayerOfTheDayTests.xctest; sourceTree = BUILT_PRODUCTS_DIR; };
		1F006BB61AC047A1006CA3AA /* Info.plist */ = {isa = PBXFileReference; lastKnownFileType = text.plist.xml; path = Info.plist; sourceTree = "<group>"; };
		1F006BB71AC047A1006CA3AA /* PrayerOfTheDayTests.swift */ = {isa = PBXFileReference; lastKnownFileType = sourcecode.swift; path = PrayerOfTheDayTests.swift; sourceTree = "<group>"; };
		1F14DC7A1B0B636F004B38B4 /* Social.framework */ = {isa = PBXFileReference; lastKnownFileType = wrapper.framework; name = Social.framework; path = System/Library/Frameworks/Social.framework; sourceTree = SDKROOT; };
		1F1CEDDD1AD7328F00EF0299 /* Images-2.xcassets */ = {isa = PBXFileReference; lastKnownFileType = folder.assetcatalog; path = "Images-2.xcassets"; sourceTree = "<group>"; };
		1F94355C1B063E1500000527 /* PrayerContainerViewController.swift */ = {isa = PBXFileReference; fileEncoding = 4; lastKnownFileType = sourcecode.swift; path = PrayerContainerViewController.swift; sourceTree = "<group>"; };
		1F9ED4211AC4351E00DC2CE7 /* Raleway-Bold.ttf */ = {isa = PBXFileReference; lastKnownFileType = file; path = "Raleway-Bold.ttf"; sourceTree = "<group>"; };
		1F9ED4221AC4351E00DC2CE7 /* Raleway-ExtraBold.ttf */ = {isa = PBXFileReference; lastKnownFileType = file; path = "Raleway-ExtraBold.ttf"; sourceTree = "<group>"; };
		1F9ED4231AC4351E00DC2CE7 /* Raleway-ExtraLight.ttf */ = {isa = PBXFileReference; lastKnownFileType = file; path = "Raleway-ExtraLight.ttf"; sourceTree = "<group>"; };
		1F9ED4241AC4351E00DC2CE7 /* Raleway-Heavy.ttf */ = {isa = PBXFileReference; lastKnownFileType = file; path = "Raleway-Heavy.ttf"; sourceTree = "<group>"; };
		1F9ED4251AC4351E00DC2CE7 /* Raleway-Light.ttf */ = {isa = PBXFileReference; lastKnownFileType = file; path = "Raleway-Light.ttf"; sourceTree = "<group>"; };
		1F9ED4261AC4351E00DC2CE7 /* Raleway-Medium.ttf */ = {isa = PBXFileReference; lastKnownFileType = file; path = "Raleway-Medium.ttf"; sourceTree = "<group>"; };
		1F9ED4271AC4351E00DC2CE7 /* Raleway-Regular.ttf */ = {isa = PBXFileReference; lastKnownFileType = file; path = "Raleway-Regular.ttf"; sourceTree = "<group>"; };
		1F9ED4281AC4351E00DC2CE7 /* Raleway-SemiBold.ttf */ = {isa = PBXFileReference; lastKnownFileType = file; path = "Raleway-SemiBold.ttf"; sourceTree = "<group>"; };
		1F9ED4291AC4351E00DC2CE7 /* Raleway-Thin.ttf */ = {isa = PBXFileReference; lastKnownFileType = file; path = "Raleway-Thin.ttf"; sourceTree = "<group>"; };
		1F9ED4361AC43D7000DC2CE7 /* prayer-hands.png */ = {isa = PBXFileReference; lastKnownFileType = image.png; path = "prayer-hands.png"; sourceTree = "<group>"; };
		1F9ED4391AC43F7A00DC2CE7 /* WebService.swift */ = {isa = PBXFileReference; fileEncoding = 4; lastKnownFileType = sourcecode.swift; path = WebService.swift; sourceTree = "<group>"; };
		1F9ED43C1AC4411500DC2CE7 /* UIColorExtensions.swift */ = {isa = PBXFileReference; fileEncoding = 4; lastKnownFileType = sourcecode.swift; path = UIColorExtensions.swift; sourceTree = "<group>"; };
		1F9ED43E1AC4414F00DC2CE7 /* OperationBlessingColors.swift */ = {isa = PBXFileReference; fileEncoding = 4; lastKnownFileType = sourcecode.swift; path = OperationBlessingColors.swift; sourceTree = "<group>"; };
		1F9ED4401AC476EA00DC2CE7 /* OperationBlessingBaseViewController.swift */ = {isa = PBXFileReference; fileEncoding = 4; lastKnownFileType = sourcecode.swift; path = OperationBlessingBaseViewController.swift; sourceTree = "<group>"; };
		1F9ED4441AC483DB00DC2CE7 /* SelectPrayerViewController.swift */ = {isa = PBXFileReference; fileEncoding = 4; lastKnownFileType = sourcecode.swift; path = SelectPrayerViewController.swift; sourceTree = "<group>"; };
		1FA242201ACAE1D100C05D37 /* facebook.png */ = {isa = PBXFileReference; lastKnownFileType = image.png; path = facebook.png; sourceTree = "<group>"; };
		1FA242211ACAE1D100C05D37 /* google.png */ = {isa = PBXFileReference; lastKnownFileType = image.png; path = google.png; sourceTree = "<group>"; };
		1FA242221ACAE1D100C05D37 /* pinetrest.png */ = {isa = PBXFileReference; lastKnownFileType = image.png; path = pinetrest.png; sourceTree = "<group>"; };
		1FA242231ACAE1D100C05D37 /* tumblr.png */ = {isa = PBXFileReference; lastKnownFileType = image.png; path = tumblr.png; sourceTree = "<group>"; };
		1FA242241ACAE1D100C05D37 /* twitter.png */ = {isa = PBXFileReference; lastKnownFileType = image.png; path = twitter.png; sourceTree = "<group>"; };
		1FA242251ACAE1D100C05D37 /* youtube.png */ = {isa = PBXFileReference; lastKnownFileType = image.png; path = youtube.png; sourceTree = "<group>"; };
		1FB5DD4A1ACDA73D001250DA /* settings.plist */ = {isa = PBXFileReference; fileEncoding = 4; lastKnownFileType = text.plist.xml; path = settings.plist; sourceTree = "<group>"; };
		1FB5DD4D1ACDB299001250DA /* LoadingView.swift */ = {isa = PBXFileReference; fileEncoding = 4; lastKnownFileType = sourcecode.swift; path = LoadingView.swift; sourceTree = "<group>"; };
		1FB5DD4E1ACDB299001250DA /* LoadingView.xib */ = {isa = PBXFileReference; fileEncoding = 4; lastKnownFileType = file.xib; path = LoadingView.xib; sourceTree = "<group>"; };
		1FB5DD531ACDE8D3001250DA /* PhotoPrayer.swift */ = {isa = PBXFileReference; fileEncoding = 4; lastKnownFileType = sourcecode.swift; name = PhotoPrayer.swift; path = ../PhotoPrayer.swift; sourceTree = "<group>"; };
		1FB5DD551ACDE8FC001250DA /* Utilities.swift */ = {isa = PBXFileReference; fileEncoding = 4; lastKnownFileType = sourcecode.swift; path = Utilities.swift; sourceTree = "<group>"; };
/* End PBXFileReference section */

/* Begin PBXFrameworksBuildPhase section */
		1F006B961AC047A1006CA3AA /* Frameworks */ = {
			isa = PBXFrameworksBuildPhase;
			buildActionMask = 2147483647;
			files = (
				0480FEC31B2099FF00547685 /* UIKit.framework in Frameworks */,
				04FC30CC1B444C7400609A5B /* GooglePlus.framework in Frameworks */,
				048D4EEB1B5D6B8E00BAC817 /* FBSDKShareKit.framework in Frameworks */,
				0480FEC11B2099FB00547685 /* SystemConfiguration.framework in Frameworks */,
				04FC30C61B444C3300609A5B /* Pinterest.framework in Frameworks */,
				0480FEBF1B2099F300547685 /* Security.framework in Frameworks */,
				0480FEBD1B2099ED00547685 /* MediaPlayer.framework in Frameworks */,
				0480FEBB1B2099E000547685 /* CoreText.framework in Frameworks */,
				0480FEB91B2099DC00547685 /* CoreGraphics.framework in Frameworks */,
				0480FEB71B2099D400547685 /* CoreMotion.framework in Frameworks */,
				0480FEB51B2099D000547685 /* CoreLocation.framework in Frameworks */,
				0480FEB31B2099C700547685 /* Foundation.framework in Frameworks */,
				0480FEB11B2099BF00547685 /* AssetsLibrary.framework in Frameworks */,
				0480FEAF1B2099B800547685 /* AddressBook.framework in Frameworks */,
				048D4EE91B5D644800BAC817 /* FBSDKCoreKit.framework in Frameworks */,
				04FC30C81B444C5000609A5B /* GoogleOpenSource.framework in Frameworks */,
				1F14DC7B1B0B636F004B38B4 /* Social.framework in Frameworks */,
			);
			runOnlyForDeploymentPostprocessing = 0;
		};
		1F006BAE1AC047A1006CA3AA /* Frameworks */ = {
			isa = PBXFrameworksBuildPhase;
			buildActionMask = 2147483647;
			files = (
			);
			runOnlyForDeploymentPostprocessing = 0;
		};
/* End PBXFrameworksBuildPhase section */

/* Begin PBXGroup section */
		1F006B901AC047A1006CA3AA = {
			isa = PBXGroup;
			children = (
				048D4EEA1B5D6B8E00BAC817 /* FBSDKShareKit.framework */,
				048D4EE81B5D644800BAC817 /* FBSDKCoreKit.framework */,
				0480FEC21B2099FF00547685 /* UIKit.framework */,
				0480FEC01B2099FB00547685 /* SystemConfiguration.framework */,
				0480FEBE1B2099F300547685 /* Security.framework */,
				0480FEBC1B2099ED00547685 /* MediaPlayer.framework */,
				0480FEBA1B2099E000547685 /* CoreText.framework */,
				0480FEB81B2099DC00547685 /* CoreGraphics.framework */,
				0480FEB61B2099D400547685 /* CoreMotion.framework */,
				0480FEB41B2099D000547685 /* CoreLocation.framework */,
				0480FEB21B2099C700547685 /* Foundation.framework */,
				0480FEB01B2099BF00547685 /* AssetsLibrary.framework */,
				0480FEAE1B2099B800547685 /* AddressBook.framework */,
				04FC30C71B444C5000609A5B /* GoogleOpenSource.framework */,
				04FC30CB1B444C7400609A5B /* GooglePlus.framework */,
				04FC30C91B444C6400609A5B /* GooglePlus.bundle */,
				04FC30C51B444C3300609A5B /* Pinterest.framework */,
				1F14DC7A1B0B636F004B38B4 /* Social.framework */,
				1F006B9B1AC047A1006CA3AA /* PrayerOfTheDay */,
				1F006BB41AC047A1006CA3AA /* PrayerOfTheDayTests */,
				1F006B9A1AC047A1006CA3AA /* Products */,
			);
			sourceTree = "<group>";
		};
		1F006B9A1AC047A1006CA3AA /* Products */ = {
			isa = PBXGroup;
			children = (
				1F006B991AC047A1006CA3AA /* PrayerOfTheDay.app */,
				1F006BB11AC047A1006CA3AA /* PrayerOfTheDayTests.xctest */,
			);
			name = Products;
			sourceTree = "<group>";
		};
		1F006B9B1AC047A1006CA3AA /* PrayerOfTheDay */ = {
			isa = PBXGroup;
			children = (
				1F006B9E1AC047A1006CA3AA /* AppDelegate.swift */,
				1F9ED4381AC43F6500DC2CE7 /* classes */,
				1FB5DD4C1ACDB27C001250DA /* custom views */,
				1F9ED43B1AC440D300DC2CE7 /* extensions */,
				1F9ED4331AC43CE700DC2CE7 /* images */,
				1F006BA81AC047A1006CA3AA /* Images.xcassets */,
				1F006BAA1AC047A1006CA3AA /* LaunchScreen.xib */,
				1F006BA51AC047A1006CA3AA /* Main.storyboard */,
				1FC37A1E1AC56EB70059BE8B /* models */,
				1F006BA01AC047A1006CA3AA /* PrayerOfTheDay.xcdatamodeld */,
				1F006B9C1AC047A1006CA3AA /* Supporting Files */,
				1F76D4F51AC1A8A7004684F3 /* view controllers */,
				1F1CEDDD1AD7328F00EF0299 /* Images-2.xcassets */,
			);
			path = PrayerOfTheDay;
			sourceTree = "<group>";
		};
		1F006B9C1AC047A1006CA3AA /* Supporting Files */ = {
			isa = PBXGroup;
			children = (
				1F9ED4211AC4351E00DC2CE7 /* Raleway-Bold.ttf */,
				1F9ED4221AC4351E00DC2CE7 /* Raleway-ExtraBold.ttf */,
				1F9ED4231AC4351E00DC2CE7 /* Raleway-ExtraLight.ttf */,
				1F9ED4241AC4351E00DC2CE7 /* Raleway-Heavy.ttf */,
				1F9ED4251AC4351E00DC2CE7 /* Raleway-Light.ttf */,
				1F9ED4261AC4351E00DC2CE7 /* Raleway-Medium.ttf */,
				1F9ED4271AC4351E00DC2CE7 /* Raleway-Regular.ttf */,
				1F9ED4281AC4351E00DC2CE7 /* Raleway-SemiBold.ttf */,
				1F9ED4291AC4351E00DC2CE7 /* Raleway-Thin.ttf */,
				1F006B9D1AC047A1006CA3AA /* Info.plist */,
				1FB5DD4A1ACDA73D001250DA /* settings.plist */,
			);
			name = "Supporting Files";
			sourceTree = "<group>";
		};
		1F006BB41AC047A1006CA3AA /* PrayerOfTheDayTests */ = {
			isa = PBXGroup;
			children = (
				1F006BB71AC047A1006CA3AA /* PrayerOfTheDayTests.swift */,
				1F006BB51AC047A1006CA3AA /* Supporting Files */,
			);
			path = PrayerOfTheDayTests;
			sourceTree = "<group>";
		};
		1F006BB51AC047A1006CA3AA /* Supporting Files */ = {
			isa = PBXGroup;
			children = (
				1F006BB61AC047A1006CA3AA /* Info.plist */,
			);
			name = "Supporting Files";
			sourceTree = "<group>";
		};
		1F76D4F51AC1A8A7004684F3 /* view controllers */ = {
			isa = PBXGroup;
			children = (
				1F9ED4401AC476EA00DC2CE7 /* OperationBlessingBaseViewController.swift */,
				1F9ED4441AC483DB00DC2CE7 /* SelectPrayerViewController.swift */,
				1F94355C1B063E1500000527 /* PrayerContainerViewController.swift */,
				04461D381B1F4AD200E0197C /* PrayerOfTheDay-Bridging-Header.h */,
			);
			name = "view controllers";
			sourceTree = "<group>";
		};
		1F9ED4331AC43CE700DC2CE7 /* images */ = {
			isa = PBXGroup;
			children = (
				1FA242201ACAE1D100C05D37 /* facebook.png */,
				1FA242211ACAE1D100C05D37 /* google.png */,
				1FA242221ACAE1D100C05D37 /* pinetrest.png */,
				1FA242231ACAE1D100C05D37 /* tumblr.png */,
				1FA242241ACAE1D100C05D37 /* twitter.png */,
				1FA242251ACAE1D100C05D37 /* youtube.png */,
				1F9ED4361AC43D7000DC2CE7 /* prayer-hands.png */,
			);
			name = images;
			sourceTree = "<group>";
		};
		1F9ED4381AC43F6500DC2CE7 /* classes */ = {
			isa = PBXGroup;
			children = (
				1F9ED43E1AC4414F00DC2CE7 /* OperationBlessingColors.swift */,
				1F9ED4391AC43F7A00DC2CE7 /* WebService.swift */,
				1FB5DD551ACDE8FC001250DA /* Utilities.swift */,
				042EF0241B1E266500D9EFD3 /* Strings.swift */,
			);
			name = classes;
			sourceTree = "<group>";
		};
		1F9ED43B1AC440D300DC2CE7 /* extensions */ = {
			isa = PBXGroup;
			children = (
				1F9ED43C1AC4411500DC2CE7 /* UIColorExtensions.swift */,
			);
			name = extensions;
			sourceTree = "<group>";
		};
		1FB5DD4C1ACDB27C001250DA /* custom views */ = {
			isa = PBXGroup;
			children = (
				1FB5DD4D1ACDB299001250DA /* LoadingView.swift */,
				1FB5DD4E1ACDB299001250DA /* LoadingView.xib */,
				042EF0201B1DFB5200D9EFD3 /* SocialView.swift */,
				042EF0221B1DFB5F00D9EFD3 /* SocialView.xib */,
				048376D21B6035EE002E2E27 /* SinglePrayerView.swift */,
				048376D41B6035FA002E2E27 /* SinglePrayerView.xib */,
			);
			name = "custom views";
			sourceTree = "<group>";
		};
		1FC37A1E1AC56EB70059BE8B /* models */ = {
			isa = PBXGroup;
			children = (
				1FB5DD531ACDE8D3001250DA /* PhotoPrayer.swift */,
			);
			name = models;
			sourceTree = "<group>";
		};
/* End PBXGroup section */

/* Begin PBXNativeTarget section */
		1F006B981AC047A1006CA3AA /* PrayerOfTheDay */ = {
			isa = PBXNativeTarget;
			buildConfigurationList = 1F006BBB1AC047A1006CA3AA /* Build configuration list for PBXNativeTarget "PrayerOfTheDay" */;
			buildPhases = (
				1F006B951AC047A1006CA3AA /* Sources */,
				1F006B961AC047A1006CA3AA /* Frameworks */,
				1F006B971AC047A1006CA3AA /* Resources */,
			);
			buildRules = (
			);
			dependencies = (
			);
			name = PrayerOfTheDay;
			productName = PrayerOfTheDay;
			productReference = 1F006B991AC047A1006CA3AA /* PrayerOfTheDay.app */;
			productType = "com.apple.product-type.application";
		};
		1F006BB01AC047A1006CA3AA /* PrayerOfTheDayTests */ = {
			isa = PBXNativeTarget;
			buildConfigurationList = 1F006BBE1AC047A1006CA3AA /* Build configuration list for PBXNativeTarget "PrayerOfTheDayTests" */;
			buildPhases = (
				1F006BAD1AC047A1006CA3AA /* Sources */,
				1F006BAE1AC047A1006CA3AA /* Frameworks */,
				1F006BAF1AC047A1006CA3AA /* Resources */,
			);
			buildRules = (
			);
			dependencies = (
				1F006BB31AC047A1006CA3AA /* PBXTargetDependency */,
			);
			name = PrayerOfTheDayTests;
			productName = PrayerOfTheDayTests;
			productReference = 1F006BB11AC047A1006CA3AA /* PrayerOfTheDayTests.xctest */;
			productType = "com.apple.product-type.bundle.unit-test";
		};
/* End PBXNativeTarget section */

/* Begin PBXProject section */
		1F006B911AC047A1006CA3AA /* Project object */ = {
			isa = PBXProject;
			attributes = {
				LastUpgradeCheck = 0620;
				ORGANIZATIONNAME = OperationBlessing;
				TargetAttributes = {
					1F006B981AC047A1006CA3AA = {
						CreatedOnToolsVersion = 6.2;
						DevelopmentTeam = HXK9RLY6C2;
					};
					1F006BB01AC047A1006CA3AA = {
						CreatedOnToolsVersion = 6.2;
						TestTargetID = 1F006B981AC047A1006CA3AA;
					};
				};
			};
			buildConfigurationList = 1F006B941AC047A1006CA3AA /* Build configuration list for PBXProject "PrayerOfTheDay" */;
			compatibilityVersion = "Xcode 3.2";
			developmentRegion = English;
			hasScannedForEncodings = 0;
			knownRegions = (
				en,
				Base,
				he,
			);
			mainGroup = 1F006B901AC047A1006CA3AA;
			productRefGroup = 1F006B9A1AC047A1006CA3AA /* Products */;
			projectDirPath = "";
			projectRoot = "";
			targets = (
				1F006B981AC047A1006CA3AA /* PrayerOfTheDay */,
				1F006BB01AC047A1006CA3AA /* PrayerOfTheDayTests */,
			);
		};
/* End PBXProject section */

/* Begin PBXResourcesBuildPhase section */
		1F006B971AC047A1006CA3AA /* Resources */ = {
			isa = PBXResourcesBuildPhase;
			buildActionMask = 2147483647;
			files = (
				04FC30CA1B444C6400609A5B /* GooglePlus.bundle in Resources */,
				1F006BA71AC047A1006CA3AA /* Main.storyboard in Resources */,
				1F9ED4301AC4351E00DC2CE7 /* Raleway-Regular.ttf in Resources */,
				1F9ED42D1AC4351E00DC2CE7 /* Raleway-Heavy.ttf in Resources */,
				1FA242261ACAE1D100C05D37 /* facebook.png in Resources */,
				1FA2422B1ACAE1D100C05D37 /* youtube.png in Resources */,
				1F9ED42B1AC4351E00DC2CE7 /* Raleway-ExtraBold.ttf in Resources */,
				1F1CEDDE1AD7328F00EF0299 /* Images-2.xcassets in Resources */,
				1F9ED4371AC43D7000DC2CE7 /* prayer-hands.png in Resources */,
				1F9ED42C1AC4351E00DC2CE7 /* Raleway-ExtraLight.ttf in Resources */,
				1F9ED42F1AC4351E00DC2CE7 /* Raleway-Medium.ttf in Resources */,
				1FB5DD4B1ACDA73D001250DA /* settings.plist in Resources */,
				042EF0231B1DFB5F00D9EFD3 /* SocialView.xib in Resources */,
				1F006BAC1AC047A1006CA3AA /* LaunchScreen.xib in Resources */,
				1F006BA91AC047A1006CA3AA /* Images.xcassets in Resources */,
				1F9ED42A1AC4351E00DC2CE7 /* Raleway-Bold.ttf in Resources */,
				1F9ED4321AC4351E00DC2CE7 /* Raleway-Thin.ttf in Resources */,
				1F9ED42E1AC4351E00DC2CE7 /* Raleway-Light.ttf in Resources */,
				048376D51B6035FA002E2E27 /* SinglePrayerView.xib in Resources */,
				1FA242271ACAE1D100C05D37 /* google.png in Resources */,
				1FA242281ACAE1D100C05D37 /* pinetrest.png in Resources */,
				1FA2422A1ACAE1D100C05D37 /* twitter.png in Resources */,
				1FB5DD501ACDB299001250DA /* LoadingView.xib in Resources */,
				1FA242291ACAE1D100C05D37 /* tumblr.png in Resources */,
				1F9ED4311AC4351E00DC2CE7 /* Raleway-SemiBold.ttf in Resources */,
			);
			runOnlyForDeploymentPostprocessing = 0;
		};
		1F006BAF1AC047A1006CA3AA /* Resources */ = {
			isa = PBXResourcesBuildPhase;
			buildActionMask = 2147483647;
			files = (
			);
			runOnlyForDeploymentPostprocessing = 0;
		};
/* End PBXResourcesBuildPhase section */

/* Begin PBXSourcesBuildPhase section */
		1F006B951AC047A1006CA3AA /* Sources */ = {
			isa = PBXSourcesBuildPhase;
			buildActionMask = 2147483647;
			files = (
				1F006BA21AC047A1006CA3AA /* PrayerOfTheDay.xcdatamodeld in Sources */,
				1F9ED43F1AC4414F00DC2CE7 /* OperationBlessingColors.swift in Sources */,
				1FB5DD561ACDE8FC001250DA /* Utilities.swift in Sources */,
				048376D31B6035EE002E2E27 /* SinglePrayerView.swift in Sources */,
				042EF0211B1DFB5200D9EFD3 /* SocialView.swift in Sources */,
				1F94355D1B063E1500000527 /* PrayerContainerViewController.swift in Sources */,
				1F9ED43A1AC43F7A00DC2CE7 /* WebService.swift in Sources */,
				042EF0251B1E266500D9EFD3 /* Strings.swift in Sources */,
				1F006B9F1AC047A1006CA3AA /* AppDelegate.swift in Sources */,
				1F9ED43D1AC4411500DC2CE7 /* UIColorExtensions.swift in Sources */,
				1FB5DD541ACDE8D3001250DA /* PhotoPrayer.swift in Sources */,
				1F9ED4451AC483DB00DC2CE7 /* SelectPrayerViewController.swift in Sources */,
				1F9ED4411AC476EA00DC2CE7 /* OperationBlessingBaseViewController.swift in Sources */,
				1FB5DD4F1ACDB299001250DA /* LoadingView.swift in Sources */,
			);
			runOnlyForDeploymentPostprocessing = 0;
		};
		1F006BAD1AC047A1006CA3AA /* Sources */ = {
			isa = PBXSourcesBuildPhase;
			buildActionMask = 2147483647;
			files = (
				1F006BB81AC047A1006CA3AA /* PrayerOfTheDayTests.swift in Sources */,
			);
			runOnlyForDeploymentPostprocessing = 0;
		};
/* End PBXSourcesBuildPhase section */

/* Begin PBXTargetDependency section */
		1F006BB31AC047A1006CA3AA /* PBXTargetDependency */ = {
			isa = PBXTargetDependency;
			target = 1F006B981AC047A1006CA3AA /* PrayerOfTheDay */;
			targetProxy = 1F006BB21AC047A1006CA3AA /* PBXContainerItemProxy */;
		};
/* End PBXTargetDependency section */

/* Begin PBXVariantGroup section */
		1F006BA51AC047A1006CA3AA /* Main.storyboard */ = {
			isa = PBXVariantGroup;
			children = (
				1F006BA61AC047A1006CA3AA /* Base */,
			);
			name = Main.storyboard;
			sourceTree = "<group>";
		};
		1F006BAA1AC047A1006CA3AA /* LaunchScreen.xib */ = {
			isa = PBXVariantGroup;
			children = (
				1F006BAB1AC047A1006CA3AA /* Base */,
			);
			name = LaunchScreen.xib;
			sourceTree = "<group>";
		};
/* End PBXVariantGroup section */

/* Begin XCBuildConfiguration section */
		1F006BB91AC047A1006CA3AA /* Debug */ = {
			isa = XCBuildConfiguration;
			buildSettings = {
				ALWAYS_SEARCH_USER_PATHS = NO;
				CLANG_CXX_LANGUAGE_STANDARD = "gnu++0x";
				CLANG_CXX_LIBRARY = "libc++";
				CLANG_ENABLE_MODULES = YES;
				CLANG_ENABLE_OBJC_ARC = YES;
				CLANG_WARN_BOOL_CONVERSION = YES;
				CLANG_WARN_CONSTANT_CONVERSION = YES;
				CLANG_WARN_DIRECT_OBJC_ISA_USAGE = YES_ERROR;
				CLANG_WARN_EMPTY_BODY = YES;
				CLANG_WARN_ENUM_CONVERSION = YES;
				CLANG_WARN_INT_CONVERSION = YES;
				CLANG_WARN_OBJC_ROOT_CLASS = YES_ERROR;
				CLANG_WARN_UNREACHABLE_CODE = YES;
				CLANG_WARN__DUPLICATE_METHOD_MATCH = YES;
				"CODE_SIGN_IDENTITY[sdk=iphoneos*]" = "iPhone Developer";
				COPY_PHASE_STRIP = NO;
				ENABLE_STRICT_OBJC_MSGSEND = YES;
				GCC_C_LANGUAGE_STANDARD = gnu99;
				GCC_DYNAMIC_NO_PIC = NO;
				GCC_OPTIMIZATION_LEVEL = 0;
				GCC_PREPROCESSOR_DEFINITIONS = (
					"DEBUG=1",
					"$(inherited)",
				);
				GCC_SYMBOLS_PRIVATE_EXTERN = NO;
				GCC_WARN_64_TO_32_BIT_CONVERSION = YES;
				GCC_WARN_ABOUT_RETURN_TYPE = YES_ERROR;
				GCC_WARN_UNDECLARED_SELECTOR = YES;
				GCC_WARN_UNINITIALIZED_AUTOS = YES_AGGRESSIVE;
				GCC_WARN_UNUSED_FUNCTION = YES;
				GCC_WARN_UNUSED_VARIABLE = YES;
				IPHONEOS_DEPLOYMENT_TARGET = 7.0;
				MTL_ENABLE_DEBUG_INFO = YES;
				ONLY_ACTIVE_ARCH = YES;
				SDKROOT = iphoneos;
				SWIFT_OPTIMIZATION_LEVEL = "-Onone";
			};
			name = Debug;
		};
		1F006BBA1AC047A1006CA3AA /* Release */ = {
			isa = XCBuildConfiguration;
			buildSettings = {
				ALWAYS_SEARCH_USER_PATHS = NO;
				CLANG_CXX_LANGUAGE_STANDARD = "gnu++0x";
				CLANG_CXX_LIBRARY = "libc++";
				CLANG_ENABLE_MODULES = YES;
				CLANG_ENABLE_OBJC_ARC = YES;
				CLANG_WARN_BOOL_CONVERSION = YES;
				CLANG_WARN_CONSTANT_CONVERSION = YES;
				CLANG_WARN_DIRECT_OBJC_ISA_USAGE = YES_ERROR;
				CLANG_WARN_EMPTY_BODY = YES;
				CLANG_WARN_ENUM_CONVERSION = YES;
				CLANG_WARN_INT_CONVERSION = YES;
				CLANG_WARN_OBJC_ROOT_CLASS = YES_ERROR;
				CLANG_WARN_UNREACHABLE_CODE = YES;
				CLANG_WARN__DUPLICATE_METHOD_MATCH = YES;
				"CODE_SIGN_IDENTITY[sdk=iphoneos*]" = "iPhone Distribution";
				COPY_PHASE_STRIP = NO;
				ENABLE_NS_ASSERTIONS = NO;
				ENABLE_STRICT_OBJC_MSGSEND = YES;
				GCC_C_LANGUAGE_STANDARD = gnu99;
				GCC_WARN_64_TO_32_BIT_CONVERSION = YES;
				GCC_WARN_ABOUT_RETURN_TYPE = YES_ERROR;
				GCC_WARN_UNDECLARED_SELECTOR = YES;
				GCC_WARN_UNINITIALIZED_AUTOS = YES_AGGRESSIVE;
				GCC_WARN_UNUSED_FUNCTION = YES;
				GCC_WARN_UNUSED_VARIABLE = YES;
				IPHONEOS_DEPLOYMENT_TARGET = 7.0;
				MTL_ENABLE_DEBUG_INFO = NO;
				SDKROOT = iphoneos;
				VALIDATE_PRODUCT = YES;
			};
			name = Release;
		};
		1F006BBC1AC047A1006CA3AA /* Debug */ = {
			isa = XCBuildConfiguration;
			buildSettings = {
				ASSETCATALOG_COMPILER_APPICON_NAME = AppIcon;
				ASSETCATALOG_COMPILER_LAUNCHIMAGE_NAME = LaunchImage;
				CLANG_ENABLE_MODULES = YES;
				CODE_SIGN_IDENTITY = "iPhone Developer";
				FRAMEWORK_SEARCH_PATHS = (
					"$(inherited)",
					/Users/hunterwhittle/Downloads/PinItSDKiOS/Pinterest.embeddedframework,
					"/Users/hunterwhittle/Downloads/google-plus-ios-sdk-1.7.1",
					"$(PROJECT_DIR)",
					"$(PROJECT_DIR)/FacebookSDK",
					/Users/hunterwhittle/Documents/FacebookSDK,
				);
				INFOPLIST_FILE = PrayerOfTheDay/Info.plist;
				LD_RUNPATH_SEARCH_PATHS = "$(inherited) @executable_path/Frameworks";
				OTHER_LDFLAGS = (
					"-ObjC",
					"${inherited}",
				);
				PRODUCT_NAME = PrayerOfTheDay;
				PROVISIONING_PROFILE = "";
				SWIFT_OBJC_BRIDGING_HEADER = "PrayerOfTheDay/PrayerOfTheDay-Bridging-Header.h";
				SWIFT_OPTIMIZATION_LEVEL = "-Onone";
			};
			name = Debug;
		};
		1F006BBD1AC047A1006CA3AA /* Release */ = {
			isa = XCBuildConfiguration;
			buildSettings = {
				ASSETCATALOG_COMPILER_APPICON_NAME = AppIcon;
				ASSETCATALOG_COMPILER_LAUNCHIMAGE_NAME = LaunchImage;
				CLANG_ENABLE_MODULES = YES;
				CODE_SIGN_IDENTITY = "iPhone Distribution: Entrision LLC (HXK9RLY6C2)";
				FRAMEWORK_SEARCH_PATHS = (
					"$(inherited)",
					/Users/hunterwhittle/Downloads/PinItSDKiOS/Pinterest.embeddedframework,
					"/Users/hunterwhittle/Downloads/google-plus-ios-sdk-1.7.1",
					"$(PROJECT_DIR)",
					"$(PROJECT_DIR)/FacebookSDK",
					/Users/hunterwhittle/Documents/FacebookSDK,
				);
				INFOPLIST_FILE = PrayerOfTheDay/Info.plist;
				LD_RUNPATH_SEARCH_PATHS = "$(inherited) @executable_path/Frameworks";
				OTHER_LDFLAGS = (
					"-ObjC",
					"${inherited}",
				);
				PRODUCT_NAME = PrayerOfTheDay;
				PROVISIONING_PROFILE = "";
				SWIFT_OBJC_BRIDGING_HEADER = "PrayerOfTheDay/PrayerOfTheDay-Bridging-Header.h";
			};
			name = Release;
		};
		1F006BBF1AC047A1006CA3AA /* Debug */ = {
			isa = XCBuildConfiguration;
			buildSettings = {
				BUNDLE_LOADER = "$(TEST_HOST)";
				FRAMEWORK_SEARCH_PATHS = (
					"$(SDKROOT)/Developer/Library/Frameworks",
					"$(inherited)",
				);
				GCC_PREPROCESSOR_DEFINITIONS = (
					"DEBUG=1",
					"$(inherited)",
				);
				INFOPLIST_FILE = PrayerOfTheDayTests/Info.plist;
				LD_RUNPATH_SEARCH_PATHS = "$(inherited) @executable_path/Frameworks @loader_path/Frameworks";
				PRODUCT_NAME = "$(TARGET_NAME)";
				TEST_HOST = "$(BUILT_PRODUCTS_DIR)/PrayerOfTheDay.app/PrayerOfTheDay";
			};
			name = Debug;
		};
		1F006BC01AC047A1006CA3AA /* Release */ = {
			isa = XCBuildConfiguration;
			buildSettings = {
				BUNDLE_LOADER = "$(TEST_HOST)";
				FRAMEWORK_SEARCH_PATHS = (
					"$(SDKROOT)/Developer/Library/Frameworks",
					"$(inherited)",
				);
				INFOPLIST_FILE = PrayerOfTheDayTests/Info.plist;
				LD_RUNPATH_SEARCH_PATHS = "$(inherited) @executable_path/Frameworks @loader_path/Frameworks";
				PRODUCT_NAME = "$(TARGET_NAME)";
				TEST_HOST = "$(BUILT_PRODUCTS_DIR)/PrayerOfTheDay.app/PrayerOfTheDay";
			};
			name = Release;
		};
/* End XCBuildConfiguration section */

/* Begin XCConfigurationList section */
		1F006B941AC047A1006CA3AA /* Build configuration list for PBXProject "PrayerOfTheDay" */ = {
			isa = XCConfigurationList;
			buildConfigurations = (
				1F006BB91AC047A1006CA3AA /* Debug */,
				1F006BBA1AC047A1006CA3AA /* Release */,
			);
			defaultConfigurationIsVisible = 0;
			defaultConfigurationName = Release;
		};
		1F006BBB1AC047A1006CA3AA /* Build configuration list for PBXNativeTarget "PrayerOfTheDay" */ = {
			isa = XCConfigurationList;
			buildConfigurations = (
				1F006BBC1AC047A1006CA3AA /* Debug */,
				1F006BBD1AC047A1006CA3AA /* Release */,
			);
			defaultConfigurationIsVisible = 0;
			defaultConfigurationName = Release;
		};
		1F006BBE1AC047A1006CA3AA /* Build configuration list for PBXNativeTarget "PrayerOfTheDayTests" */ = {
			isa = XCConfigurationList;
			buildConfigurations = (
				1F006BBF1AC047A1006CA3AA /* Debug */,
				1F006BC01AC047A1006CA3AA /* Release */,
			);
			defaultConfigurationIsVisible = 0;
			defaultConfigurationName = Release;
		};
/* End XCConfigurationList section */

/* Begin XCVersionGroup section */
		1F006BA01AC047A1006CA3AA /* PrayerOfTheDay.xcdatamodeld */ = {
			isa = XCVersionGroup;
			children = (
				1F006BA11AC047A1006CA3AA /* PrayerOfTheDay.xcdatamodel */,
			);
			currentVersion = 1F006BA11AC047A1006CA3AA /* PrayerOfTheDay.xcdatamodel */;
			path = PrayerOfTheDay.xcdatamodeld;
			sourceTree = "<group>";
			versionGroupType = wrapper.xcdatamodel;
		};
/* End XCVersionGroup section */
	};
	rootObject = 1F006B911AC047A1006CA3AA /* Project object */;
}
